
Microsoft Visual Studio Solution File, Format Version 12.00
# Visual Studio Version 17
VisualStudioVersion = 17.2.32616.157
MinimumVisualStudioVersion = 10.0.40219.1
Project("{FAE04EC0-301F-11D3-BF4B-00C04F79EFBC}") = "ParsingPlaylist", "ParsingPlaylist.csproj", "{838D250B-B8C6-488E-9520-2B3FBA226D7C}"
EndProject
Global
	GlobalSection(SolutionConfigurationPlatforms) = preSolution
		Debug|Any CPU = Debug|Any CPU
		Release|Any CPU = Release|Any CPU
	EndGlobalSection
	GlobalSection(ProjectConfigurationPlatforms) = postSolution
		{838D250B-B8C6-488E-9520-2B3FBA226D7C}.Debug|Any CPU.ActiveCfg = Debug|Any CPU
		{838D250B-B8C6-488E-9520-2B3FBA226D7C}.Debug|Any CPU.Build.0 = Debug|Any CPU
		{838D250B-B8C6-488E-9520-2B3FBA226D7C}.Release|Any CPU.ActiveCfg = Release|Any CPU
		{838D250B-B8C6-488E-9520-2B3FBA226D7C}.Release|Any CPU.Build.0 = Release|Any CPU
	EndGlobalSection
	GlobalSection(SolutionProperties) = preSolution
		HideSolutionNode = FALSE
	EndGlobalSection
	GlobalSection(ExtensibilityGlobals) = postSolution
		SolutionGuid = {678865BB-316A-4A98-B9EE-0798D4D1A1FA}
	EndGlobalSection
EndGlobal
